{
	"name": "@ballerina/diagram",
	"version": "0.983.1-SNAPSHOT",
	"lockfileVersion": 1,
	"requires": true,
	"dependencies": {
		"@babel/runtime": {
			"version": "7.1.5",
			"resolved": "https://registry.npmjs.org/@babel/runtime/-/runtime-7.1.5.tgz",
			"integrity": "sha512-xKnPpXG/pvK1B90JkwwxSGii90rQGKtzcMt2gI5G6+M0REXaq6rOHsGC2ay6/d0Uje7zzvSzjEzfR3ENhFlrfA==",
			"requires": {
				"regenerator-runtime": "0.12.1"
			}
		},
		"@types/common-tags": {
			"version": "1.4.0",
			"resolved": "https://registry.npmjs.org/@types/common-tags/-/common-tags-1.4.0.tgz",
			"integrity": "sha512-HI1tSO87vmd1sPS3DOVSK4gvVKROvCBFvAnXlLiQtAus/+1xXMQcNyu9TX2ChwRXFeQZeB9+f+nMo99xLd5DdA==",
			"dev": true
		},
		"@types/lodash": {
			"version": "4.14.118",
			"resolved": "https://registry.npmjs.org/@types/lodash/-/lodash-4.14.118.tgz",
			"integrity": "sha512-iiJbKLZbhSa6FYRip/9ZDX6HXhayXLDGY2Fqws9cOkEQ6XeKfaxB0sC541mowZJueYyMnVUmmG+al5/4fCDrgw==",
			"dev": true
		},
		"add-px-to-style": {
			"version": "1.0.0",
			"resolved": "https://registry.npmjs.org/add-px-to-style/-/add-px-to-style-1.0.0.tgz",
			"integrity": "sha1-0ME1RB+oAUqBN5BFMQlvZ/KPJjo="
		},
		"ansi-regex": {
			"version": "3.0.0",
			"resolved": "https://registry.npmjs.org/ansi-regex/-/ansi-regex-3.0.0.tgz",
			"integrity": "sha1-7QMXwyIGT3lGbAKWa922Bas32Zg="
		},
		"async": {
			"version": "2.6.1",
			"resolved": "https://registry.npmjs.org/async/-/async-2.6.1.tgz",
			"integrity": "sha512-fNEiL2+AZt6AlAw/29Cr0UDe4sRAHCpEHh54WMz+Bb7QfNcFw4h3loofyJpLeQs4Yx7yuqu/2dLgM5hKOs6HlQ==",
			"requires": {
				"lodash": "4.17.11"
			}
		},
		"axios": {
			"version": "0.16.2",
			"resolved": "https://registry.npmjs.org/axios/-/axios-0.16.2.tgz",
			"integrity": "sha1-uk+S8XFn37q0CYN4VFS5rBScPG0=",
			"requires": {
				"follow-redirects": "1.5.9",
				"is-buffer": "1.1.6"
			}
		},
		"balanced-match": {
			"version": "1.0.0",
			"resolved": "https://registry.npmjs.org/balanced-match/-/balanced-match-1.0.0.tgz",
			"integrity": "sha1-ibTRmasr7kneFk6gK4nORi1xt2c="
		},
		"brace-expansion": {
			"version": "1.1.11",
			"resolved": "https://registry.npmjs.org/brace-expansion/-/brace-expansion-1.1.11.tgz",
			"integrity": "sha512-iCuPHDFgrHX7H2vEI/5xpz07zSHB00TpugqhmYtVmMO6518mCuRMoOYFldEBl0g187ufozdaHgWKcYFb61qGiA==",
			"requires": {
				"balanced-match": "1.0.0",
				"concat-map": "0.0.1"
			}
		},
		"camelcase": {
			"version": "4.1.0",
			"resolved": "https://registry.npmjs.org/camelcase/-/camelcase-4.1.0.tgz",
			"integrity": "sha1-1UVjW+HjPFQmScaRc+Xeas+uNN0="
		},
		"chain-function": {
			"version": "1.0.1",
			"resolved": "https://registry.npmjs.org/chain-function/-/chain-function-1.0.1.tgz",
			"integrity": "sha512-SxltgMwL9uCko5/ZCLiyG2B7R9fY4pDZUw7hJ4MhirdjBLosoDqkWABi3XMucddHdLiFJMb7PD2MZifZriuMTg=="
		},
		"cliui": {
			"version": "4.1.0",
			"resolved": "https://registry.npmjs.org/cliui/-/cliui-4.1.0.tgz",
			"integrity": "sha512-4FG+RSG9DL7uEwRUZXZn3SS34DiDPfzP0VOiEwtUWlE+AR2EIg+hSyvrIgUUfhdgR/UkAeW2QHgeP+hWrXs7jQ==",
			"requires": {
				"string-width": "2.1.1",
				"strip-ansi": "4.0.0",
				"wrap-ansi": "2.1.0"
			}
		},
		"code-point-at": {
			"version": "1.1.0",
			"resolved": "https://registry.npmjs.org/code-point-at/-/code-point-at-1.1.0.tgz",
			"integrity": "sha1-DQcLTQQ6W+ozovGkDi7bPZpMz3c="
		},
		"color": {
			"version": "3.0.0",
			"resolved": "https://registry.npmjs.org/color/-/color-3.0.0.tgz",
			"integrity": "sha512-jCpd5+s0s0t7p3pHQKpnJ0TpQKKdleP71LWcA0aqiljpiuAkOSUFN/dyH8ZwF0hRmFlrIuRhufds1QyEP9EB+w==",
			"requires": {
				"color-convert": "1.9.3",
				"color-string": "1.5.3"
			}
		},
		"color-convert": {
			"version": "1.9.3",
			"resolved": "https://registry.npmjs.org/color-convert/-/color-convert-1.9.3.tgz",
			"integrity": "sha512-QfAUtd+vFdAtFQcC8CCyYt1fYWxSqAiK2cSD6zDB8N3cpsEBAvRxp9zOGg6G/SHHJYAT88/az/IuDGALsNVbGg==",
			"requires": {
				"color-name": "1.1.3"
			}
		},
		"color-name": {
			"version": "1.1.3",
			"resolved": "https://registry.npmjs.org/color-name/-/color-name-1.1.3.tgz",
			"integrity": "sha1-p9BVi9icQveV3UIyj3QIMcpTvCU="
		},
		"color-string": {
			"version": "1.5.3",
			"resolved": "https://registry.npmjs.org/color-string/-/color-string-1.5.3.tgz",
			"integrity": "sha512-dC2C5qeWoYkxki5UAXapdjqO672AM4vZuPGRQfO8b5HKuKGBbKWpITyDYN7TOFKvRW7kOgAn3746clDBMDJyQw==",
			"requires": {
				"color-name": "1.1.3",
				"simple-swizzle": "0.2.2"
			}
		},
		"colornames": {
			"version": "1.1.1",
			"resolved": "https://registry.npmjs.org/colornames/-/colornames-1.1.1.tgz",
			"integrity": "sha1-+IiQMGhcfE/54qVZ9Qd+t2qBb5Y="
		},
		"colors": {
			"version": "1.3.2",
			"resolved": "https://registry.npmjs.org/colors/-/colors-1.3.2.tgz",
			"integrity": "sha512-rhP0JSBGYvpcNQj4s5AdShMeE5ahMop96cTeDl/v9qQQm2fYClE2QXZRi8wLzc+GmXSxdIqqbOIAhyObEXDbfQ=="
		},
		"colorspace": {
			"version": "1.1.1",
			"resolved": "https://registry.npmjs.org/colorspace/-/colorspace-1.1.1.tgz",
			"integrity": "sha512-pI3btWyiuz7Ken0BWh9Elzsmv2bM9AhA7psXib4anUXy/orfZ/E0MbQwhSOG/9L8hLlalqrU0UhOuqxW1YjmVw==",
			"requires": {
				"color": "3.0.0",
				"text-hex": "1.0.0"
			}
		},
		"concat-map": {
			"version": "0.0.1",
			"resolved": "https://registry.npmjs.org/concat-map/-/concat-map-0.0.1.tgz",
			"integrity": "sha1-2Klr13/Wjfd5OnMDajug1UBdR3s="
		},
		"copyfiles": {
			"version": "2.1.0",
			"resolved": "https://registry.npmjs.org/copyfiles/-/copyfiles-2.1.0.tgz",
			"integrity": "sha512-cAeDE0vL/koE9WSEGxqPpSyvU638Kgfu6wfrnj7kqp9FWa1CWsU54Coo6sdYZP4GstWa39tL/wIVJWfXcujgNA==",
			"requires": {
				"glob": "7.1.3",
				"minimatch": "3.0.4",
				"mkdirp": "0.5.1",
				"noms": "0.0.0",
				"through2": "2.0.5",
				"yargs": "11.1.0"
			},
			"dependencies": {
				"glob": {
					"version": "7.1.3",
					"resolved": "https://registry.npmjs.org/glob/-/glob-7.1.3.tgz",
					"integrity": "sha512-vcfuiIxogLV4DlGBHIUOwI0IbrJ8HWPc4MU7HzviGeNho/UJDfi6B5p3sHeWIQ0KGIU0Jpxi5ZHxemQfLkkAwQ==",
					"requires": {
						"fs.realpath": "1.0.0",
						"inflight": "1.0.6",
						"inherits": "2.0.3",
						"minimatch": "3.0.4",
						"once": "1.4.0",
						"path-is-absolute": "1.0.1"
					}
				},
				"yargs": {
					"version": "11.1.0",
					"resolved": "http://registry.npmjs.org/yargs/-/yargs-11.1.0.tgz",
					"integrity": "sha512-NwW69J42EsCSanF8kyn5upxvjp5ds+t3+udGBeTbFnERA+lF541DDpMawzo4z6W/QrzNM18D+BPMiOBibnFV5A==",
					"requires": {
						"cliui": "4.1.0",
						"decamelize": "1.2.0",
						"find-up": "2.1.0",
						"get-caller-file": "1.0.3",
						"os-locale": "2.1.0",
						"require-directory": "2.1.1",
						"require-main-filename": "1.0.1",
						"set-blocking": "2.0.0",
						"string-width": "2.1.1",
						"which-module": "2.0.0",
						"y18n": "3.2.1",
						"yargs-parser": "9.0.2"
					}
				}
			}
		},
		"core-util-is": {
			"version": "1.0.2",
			"resolved": "https://registry.npmjs.org/core-util-is/-/core-util-is-1.0.2.tgz",
			"integrity": "sha1-tf1UIgqivFq1eqtxQMlAdUUDwac="
		},
		"cross-spawn": {
			"version": "5.1.0",
			"resolved": "https://registry.npmjs.org/cross-spawn/-/cross-spawn-5.1.0.tgz",
			"integrity": "sha1-6L0O/uWPz/b4+UUQoKVUu/ojVEk=",
			"requires": {
				"lru-cache": "4.1.3",
				"shebang-command": "1.2.0",
				"which": "1.3.1"
			}
		},
		"debug": {
			"version": "3.1.0",
			"resolved": "https://registry.npmjs.org/debug/-/debug-3.1.0.tgz",
			"integrity": "sha512-OX8XqP7/1a9cqkxYw2yXss15f26NKWBpDXQd0/uK/KPqdQhxbPa994hnzjcE2VqQpDslf55723cKPUOGSmMY3g==",
			"requires": {
				"ms": "2.0.0"
			}
		},
		"decamelize": {
			"version": "1.2.0",
			"resolved": "https://registry.npmjs.org/decamelize/-/decamelize-1.2.0.tgz",
			"integrity": "sha1-9lNNFRSCabIDUue+4m9QH5oZEpA="
		},
		"diagnostics": {
			"version": "1.1.1",
			"resolved": "https://registry.npmjs.org/diagnostics/-/diagnostics-1.1.1.tgz",
			"integrity": "sha512-8wn1PmdunLJ9Tqbx+Fx/ZEuHfJf4NKSN2ZBj7SJC/OWRWha843+WsTjqMe1B5E3p28jqBlp+mJ2fPVxPyNgYKQ==",
			"requires": {
				"colorspace": "1.1.1",
				"enabled": "1.0.2",
				"kuler": "1.0.1"
			}
		},
		"dom-css": {
			"version": "2.1.0",
			"resolved": "https://registry.npmjs.org/dom-css/-/dom-css-2.1.0.tgz",
			"integrity": "sha1-/bwtWgFdCj4YcuEUcrvQ57nmogI=",
			"requires": {
				"add-px-to-style": "1.0.0",
				"prefix-style": "2.0.1",
				"to-camel-case": "1.0.0"
			}
		},
		"dom-helpers": {
			"version": "3.4.0",
			"resolved": "https://registry.npmjs.org/dom-helpers/-/dom-helpers-3.4.0.tgz",
			"integrity": "sha512-LnuPJ+dwqKDIyotW1VzmOZ5TONUN7CwkCR5hrgawTUbkBGYdeoNLZo6nNfGkCrjtE1nXXaj7iMMpDa8/d9WoIA==",
			"requires": {
				"@babel/runtime": "7.1.5"
			}
		},
		"enabled": {
			"version": "1.0.2",
			"resolved": "http://registry.npmjs.org/enabled/-/enabled-1.0.2.tgz",
			"integrity": "sha1-ll9lE9LC0cX0ZStkouM5ZGf8L5M=",
			"requires": {
				"env-variable": "0.0.5"
			}
		},
		"env-variable": {
			"version": "0.0.5",
			"resolved": "https://registry.npmjs.org/env-variable/-/env-variable-0.0.5.tgz",
			"integrity": "sha512-zoB603vQReOFvTg5xMl9I1P2PnHsHQQKTEowsKKD7nseUfJq6UWzK+4YtlWUO1nhiQUxe6XMkk+JleSZD1NZFA=="
		},
		"execa": {
			"version": "0.7.0",
			"resolved": "https://registry.npmjs.org/execa/-/execa-0.7.0.tgz",
			"integrity": "sha1-lEvs00zEHuMqY6n68nrVpl/Fl3c=",
			"requires": {
				"cross-spawn": "5.1.0",
				"get-stream": "3.0.0",
				"is-stream": "1.1.0",
				"npm-run-path": "2.0.2",
				"p-finally": "1.0.0",
				"signal-exit": "3.0.2",
				"strip-eof": "1.0.0"
			}
		},
		"fast-safe-stringify": {
			"version": "2.0.6",
			"resolved": "https://registry.npmjs.org/fast-safe-stringify/-/fast-safe-stringify-2.0.6.tgz",
			"integrity": "sha512-q8BZ89jjc+mz08rSxROs8VsrBBcn1SIw1kq9NjolL509tkABRk9io01RAjSaEv1Xb2uFLt8VtRiZbGp5H8iDtg=="
		},
		"fecha": {
			"version": "2.3.3",
			"resolved": "http://registry.npmjs.org/fecha/-/fecha-2.3.3.tgz",
			"integrity": "sha512-lUGBnIamTAwk4znq5BcqsDaxSmZ9nDVJaij6NvRt/Tg4R69gERA+otPKbS86ROw9nxVMw2/mp1fnaiWqbs6Sdg=="
		},
		"find-up": {
			"version": "2.1.0",
			"resolved": "https://registry.npmjs.org/find-up/-/find-up-2.1.0.tgz",
			"integrity": "sha1-RdG35QbHF93UgndaK3eSCjwMV6c=",
			"requires": {
				"locate-path": "2.0.0"
			}
		},
		"follow-redirects": {
			"version": "1.5.9",
			"resolved": "https://registry.npmjs.org/follow-redirects/-/follow-redirects-1.5.9.tgz",
			"integrity": "sha512-Bh65EZI/RU8nx0wbYF9shkFZlqLP+6WT/5FnA3cE/djNSuKNHJEinGGZgu/cQEkeeb2GdFOgenAmn8qaqYke2w==",
			"requires": {
				"debug": "3.1.0"
			}
		},
		"fs.realpath": {
			"version": "1.0.0",
			"resolved": "https://registry.npmjs.org/fs.realpath/-/fs.realpath-1.0.0.tgz",
			"integrity": "sha1-FQStJSMVjKpA20onh8sBQRmU6k8="
		},
		"get-caller-file": {
			"version": "1.0.3",
			"resolved": "https://registry.npmjs.org/get-caller-file/-/get-caller-file-1.0.3.tgz",
			"integrity": "sha512-3t6rVToeoZfYSGd8YoLFR2DJkiQrIiUrGcjvFX2mDw3bn6k2OtwHN0TNCLbBO+w8qTvimhDkv+LSscbJY1vE6w=="
		},
		"get-stream": {
			"version": "3.0.0",
			"resolved": "http://registry.npmjs.org/get-stream/-/get-stream-3.0.0.tgz",
			"integrity": "sha1-jpQ9E1jcN1VQVOy+LtsFqhdO3hQ="
		},
		"inflight": {
			"version": "1.0.6",
			"resolved": "https://registry.npmjs.org/inflight/-/inflight-1.0.6.tgz",
			"integrity": "sha1-Sb1jMdfQLQwJvJEKEHW6gWW1bfk=",
			"requires": {
				"once": "1.4.0",
				"wrappy": "1.0.2"
			}
		},
		"inherits": {
			"version": "2.0.3",
			"resolved": "https://registry.npmjs.org/inherits/-/inherits-2.0.3.tgz",
			"integrity": "sha1-Yzwsg+PaQqUC9SRmAiSA9CCCYd4="
		},
		"invert-kv": {
			"version": "1.0.0",
			"resolved": "https://registry.npmjs.org/invert-kv/-/invert-kv-1.0.0.tgz",
			"integrity": "sha1-EEqOSqym09jNFXqO+L+rLXo//bY="
		},
		"is-arrayish": {
			"version": "0.3.2",
			"resolved": "https://registry.npmjs.org/is-arrayish/-/is-arrayish-0.3.2.tgz",
			"integrity": "sha512-eVRqCvVlZbuw3GrM63ovNSNAeA1K16kaR/LRY/92w0zxQ5/1YzwblUX652i4Xs9RwAGjW9d9y6X88t8OaAJfWQ=="
		},
		"is-buffer": {
			"version": "1.1.6",
			"resolved": "https://registry.npmjs.org/is-buffer/-/is-buffer-1.1.6.tgz",
			"integrity": "sha512-NcdALwpXkTm5Zvvbk7owOUSvVvBKDgKP5/ewfXEznmQFfs4ZRmanOeKBTjRVjka3QFoN6XJ+9F3USqfHqTaU5w=="
		},
		"is-fullwidth-code-point": {
			"version": "2.0.0",
			"resolved": "https://registry.npmjs.org/is-fullwidth-code-point/-/is-fullwidth-code-point-2.0.0.tgz",
			"integrity": "sha1-o7MKXE8ZkYMWeqq5O+764937ZU8="
		},
		"is-stream": {
			"version": "1.1.0",
			"resolved": "https://registry.npmjs.org/is-stream/-/is-stream-1.1.0.tgz",
			"integrity": "sha1-EtSj3U5o4Lec6428hBc66A2RykQ="
		},
		"isarray": {
			"version": "1.0.0",
			"resolved": "https://registry.npmjs.org/isarray/-/isarray-1.0.0.tgz",
			"integrity": "sha1-u5NdSFgsuhaMBoNJV6VKPgcSTxE="
		},
		"isexe": {
			"version": "2.0.0",
			"resolved": "https://registry.npmjs.org/isexe/-/isexe-2.0.0.tgz",
			"integrity": "sha1-6PvzdNxVb/iUehDcsFctYz8s+hA="
		},
		"jquery": {
			"version": "3.3.1",
			"resolved": "https://registry.npmjs.org/jquery/-/jquery-3.3.1.tgz",
			"integrity": "sha512-Ubldcmxp5np52/ENotGxlLe6aGMvmF4R8S6tZjsP6Knsaxd/xp3Zrh50cG93lR6nPXyUFwzN3ZSOQI0wRJNdGg=="
		},
		"js-tokens": {
			"version": "4.0.0",
			"resolved": "https://registry.npmjs.org/js-tokens/-/js-tokens-4.0.0.tgz",
			"integrity": "sha512-RdJUflcE3cUzKiMqQgsCu06FPu9UdIJO0beYbPhHN4k6apgJtifcoCtT9bcxOpYBtpD2kCM6Sbzg4CausW/PKQ=="
		},
		"jsplumb": {
			"version": "2.3.5",
			"resolved": "https://registry.npmjs.org/jsplumb/-/jsplumb-2.3.5.tgz",
			"integrity": "sha1-lrmjuReHwDq645ZdurbGu2J9sls="
		},
		"kuler": {
			"version": "1.0.1",
			"resolved": "https://registry.npmjs.org/kuler/-/kuler-1.0.1.tgz",
			"integrity": "sha512-J9nVUucG1p/skKul6DU3PUZrhs0LPulNaeUOox0IyXDi8S4CztTHs1gQphhuZmzXG7VOQSf6NJfKuzteQLv9gQ==",
			"requires": {
				"colornames": "1.1.1"
			}
		},
		"lcid": {
			"version": "1.0.0",
			"resolved": "https://registry.npmjs.org/lcid/-/lcid-1.0.0.tgz",
			"integrity": "sha1-MIrMr6C8SDo4Z7S28rlQYlHRuDU=",
			"requires": {
				"invert-kv": "1.0.0"
			}
		},
		"locate-path": {
			"version": "2.0.0",
			"resolved": "https://registry.npmjs.org/locate-path/-/locate-path-2.0.0.tgz",
			"integrity": "sha1-K1aLJl7slExtnA3pw9u7ygNUzY4=",
			"requires": {
				"p-locate": "2.0.0",
				"path-exists": "3.0.0"
			}
		},
		"lodash": {
			"version": "4.17.11",
			"resolved": "https://registry.npmjs.org/lodash/-/lodash-4.17.11.tgz",
			"integrity": "sha512-cQKh8igo5QUhZ7lg38DYWAxMvjSAKG0A8wGSVimP07SIUEK2UO+arSRKbRZWtelMtN5V0Hkwh5ryOto/SshYIg=="
		},
		"log4javascript": {
			"version": "1.4.15",
			"resolved": "https://registry.npmjs.org/log4javascript/-/log4javascript-1.4.15.tgz",
			"integrity": "sha1-haxi6UawJMayViFghOEGAdVjBgQ="
		},
		"logform": {
			"version": "1.10.0",
			"resolved": "https://registry.npmjs.org/logform/-/logform-1.10.0.tgz",
			"integrity": "sha512-em5ojIhU18fIMOw/333mD+ZLE2fis0EzXl1ZwHx4iQzmpQi6odNiY/t+ITNr33JZhT9/KEaH+UPIipr6a9EjWg==",
			"requires": {
				"colors": "1.3.2",
				"fast-safe-stringify": "2.0.6",
				"fecha": "2.3.3",
				"ms": "2.1.1",
				"triple-beam": "1.3.0"
			},
			"dependencies": {
				"ms": {
					"version": "2.1.1",
					"resolved": "https://registry.npmjs.org/ms/-/ms-2.1.1.tgz",
					"integrity": "sha512-tgp+dl5cGk28utYktBsrFqA7HKgrhgPsg6Z/EfhWI4gl1Hwq8B/GmY/0oXZ6nF8hDVesS/FpnYaD/kOWhYQvyg=="
				}
			}
		},
		"loose-envify": {
			"version": "1.4.0",
			"resolved": "https://registry.npmjs.org/loose-envify/-/loose-envify-1.4.0.tgz",
			"integrity": "sha512-lyuxPGr/Wfhrlem2CL/UcnUc1zcqKAImBDzukY7Y5F/yQiNdko6+fRLevlw1HgMySw7f611UIY408EtxRSoK3Q==",
			"requires": {
				"js-tokens": "4.0.0"
			}
		},
		"lru-cache": {
			"version": "4.1.3",
			"resolved": "https://registry.npmjs.org/lru-cache/-/lru-cache-4.1.3.tgz",
			"integrity": "sha512-fFEhvcgzuIoJVUF8fYr5KR0YqxD238zgObTps31YdADwPPAp82a4M8TrckkWyx7ekNlf9aBcVn81cFwwXngrJA==",
			"requires": {
				"pseudomap": "1.0.2",
				"yallist": "2.1.2"
			}
		},
		"mem": {
			"version": "1.1.0",
			"resolved": "https://registry.npmjs.org/mem/-/mem-1.1.0.tgz",
			"integrity": "sha1-Xt1StIXKHZAP5kiVUFOZoN+kX3Y=",
			"requires": {
				"mimic-fn": "1.2.0"
			}
		},
		"mimic-fn": {
			"version": "1.2.0",
			"resolved": "https://registry.npmjs.org/mimic-fn/-/mimic-fn-1.2.0.tgz",
			"integrity": "sha512-jf84uxzwiuiIVKiOLpfYk7N46TSy8ubTonmneY9vrpHNAnp0QBt2BxWV9dO3/j+BoVAb+a5G6YDPW3M5HOdMWQ=="
		},
		"minimatch": {
			"version": "3.0.4",
			"resolved": "https://registry.npmjs.org/minimatch/-/minimatch-3.0.4.tgz",
			"integrity": "sha512-yJHVQEhyqPLUTgt9B83PXu6W3rx4MvvHvSUvToogpwoGDOUQ+yDrR0HRot+yOCdCO7u4hX3pWft6kWBBcqh0UA==",
			"requires": {
				"brace-expansion": "1.1.11"
			}
		},
		"minimist": {
			"version": "0.0.8",
			"resolved": "http://registry.npmjs.org/minimist/-/minimist-0.0.8.tgz",
			"integrity": "sha1-hX/Kv8M5fSYluCKCYuhqp6ARsF0="
		},
		"mkdirp": {
			"version": "0.5.1",
			"resolved": "http://registry.npmjs.org/mkdirp/-/mkdirp-0.5.1.tgz",
			"integrity": "sha1-MAV0OOrGz3+MR2fzhkjWaX11yQM=",
			"requires": {
				"minimist": "0.0.8"
			}
		},
		"ms": {
			"version": "2.0.0",
			"resolved": "https://registry.npmjs.org/ms/-/ms-2.0.0.tgz",
			"integrity": "sha1-VgiurfwAvmwpAd9fmGF4jeDVl8g="
		},
		"node-dir": {
			"version": "0.1.17",
			"resolved": "https://registry.npmjs.org/node-dir/-/node-dir-0.1.17.tgz",
			"integrity": "sha1-X1Zl2TNRM1yqvvjxxVRRbPXx5OU=",
			"dev": true,
			"requires": {
				"minimatch": "3.0.4"
			}
		},
		"noms": {
			"version": "0.0.0",
			"resolved": "https://registry.npmjs.org/noms/-/noms-0.0.0.tgz",
			"integrity": "sha1-2o69nzr51nYJGbJ9nNyAkqczKFk=",
			"requires": {
				"inherits": "2.0.3",
				"readable-stream": "1.0.34"
			},
			"dependencies": {
				"isarray": {
					"version": "0.0.1",
					"resolved": "https://registry.npmjs.org/isarray/-/isarray-0.0.1.tgz",
					"integrity": "sha1-ihis/Kmo9Bd+Cav8YDiTmwXR7t8="
				},
				"readable-stream": {
					"version": "1.0.34",
					"resolved": "http://registry.npmjs.org/readable-stream/-/readable-stream-1.0.34.tgz",
					"integrity": "sha1-Elgg40vIQtLyqq+v5MKRbuMsFXw=",
					"requires": {
						"core-util-is": "1.0.2",
						"inherits": "2.0.3",
						"isarray": "0.0.1",
						"string_decoder": "0.10.31"
					}
				},
				"string_decoder": {
					"version": "0.10.31",
					"resolved": "https://registry.npmjs.org/string_decoder/-/string_decoder-0.10.31.tgz",
					"integrity": "sha1-YuIDvEF2bGwoyfyEMB2rHFMQ+pQ="
				}
			}
		},
		"npm-run-path": {
			"version": "2.0.2",
			"resolved": "https://registry.npmjs.org/npm-run-path/-/npm-run-path-2.0.2.tgz",
			"integrity": "sha1-NakjLfo11wZ7TLLd8jV7GHFTbF8=",
			"requires": {
				"path-key": "2.0.1"
			}
		},
		"number-is-nan": {
			"version": "1.0.1",
			"resolved": "https://registry.npmjs.org/number-is-nan/-/number-is-nan-1.0.1.tgz",
			"integrity": "sha1-CXtgK1NCKlIsGvuHkDGDNpQaAR0="
		},
		"object-assign": {
			"version": "4.1.1",
			"resolved": "https://registry.npmjs.org/object-assign/-/object-assign-4.1.1.tgz",
			"integrity": "sha1-IQmtx5ZYh8/AXLvUQsrIv7s2CGM="
		},
		"once": {
			"version": "1.4.0",
			"resolved": "https://registry.npmjs.org/once/-/once-1.4.0.tgz",
			"integrity": "sha1-WDsap3WWHUsROsF9nFC6753Xa9E=",
			"requires": {
				"wrappy": "1.0.2"
			}
		},
		"one-time": {
			"version": "0.0.4",
			"resolved": "https://registry.npmjs.org/one-time/-/one-time-0.0.4.tgz",
			"integrity": "sha1-+M33eISCb+Tf+T46nMN7HkSAdC4="
		},
		"os-locale": {
			"version": "2.1.0",
			"resolved": "https://registry.npmjs.org/os-locale/-/os-locale-2.1.0.tgz",
			"integrity": "sha512-3sslG3zJbEYcaC4YVAvDorjGxc7tv6KVATnLPZONiljsUncvihe9BQoVCEs0RZ1kmf4Hk9OBqlZfJZWI4GanKA==",
			"requires": {
				"execa": "0.7.0",
				"lcid": "1.0.0",
				"mem": "1.1.0"
			}
		},
		"p-finally": {
			"version": "1.0.0",
			"resolved": "https://registry.npmjs.org/p-finally/-/p-finally-1.0.0.tgz",
			"integrity": "sha1-P7z7FbiZpEEjs0ttzBi3JDNqLK4="
		},
		"p-limit": {
			"version": "1.3.0",
			"resolved": "https://registry.npmjs.org/p-limit/-/p-limit-1.3.0.tgz",
			"integrity": "sha512-vvcXsLAJ9Dr5rQOPk7toZQZJApBl2K4J6dANSsEuh6QI41JYcsS/qhTGa9ErIUUgK3WNQoJYvylxvjqmiqEA9Q==",
			"requires": {
				"p-try": "1.0.0"
			}
		},
		"p-locate": {
			"version": "2.0.0",
			"resolved": "https://registry.npmjs.org/p-locate/-/p-locate-2.0.0.tgz",
			"integrity": "sha1-IKAQOyIqcMj9OcwuWAaA893l7EM=",
			"requires": {
				"p-limit": "1.3.0"
			}
		},
		"p-try": {
			"version": "1.0.0",
			"resolved": "https://registry.npmjs.org/p-try/-/p-try-1.0.0.tgz",
			"integrity": "sha1-y8ec26+P1CKOE/Yh8rGiN8GyB7M="
		},
		"path-exists": {
			"version": "3.0.0",
			"resolved": "https://registry.npmjs.org/path-exists/-/path-exists-3.0.0.tgz",
			"integrity": "sha1-zg6+ql94yxiSXqfYENe1mwEP1RU="
		},
		"path-is-absolute": {
			"version": "1.0.1",
			"resolved": "http://registry.npmjs.org/path-is-absolute/-/path-is-absolute-1.0.1.tgz",
			"integrity": "sha1-F0uSaHNVNP+8es5r9TpanhtcX18="
		},
		"path-key": {
			"version": "2.0.1",
			"resolved": "https://registry.npmjs.org/path-key/-/path-key-2.0.1.tgz",
			"integrity": "sha1-QRyttXTFoUDTpLGRDUDYDMn0C0A="
		},
		"performance-now": {
			"version": "2.1.0",
			"resolved": "https://registry.npmjs.org/performance-now/-/performance-now-2.1.0.tgz",
			"integrity": "sha1-Ywn04OX6kT7BxpMHrjZLSzd8nns="
		},
		"prefix-style": {
			"version": "2.0.1",
			"resolved": "https://registry.npmjs.org/prefix-style/-/prefix-style-2.0.1.tgz",
			"integrity": "sha1-ZrupqHDP2jCKXcIOhekSCTLJWgY="
		},
		"process-nextick-args": {
			"version": "2.0.0",
			"resolved": "https://registry.npmjs.org/process-nextick-args/-/process-nextick-args-2.0.0.tgz",
			"integrity": "sha512-MtEC1TqN0EU5nephaJ4rAtThHtC86dNN9qCuEhtshvpVBkAW5ZO7BASN9REnF9eoXGcRub+pFuKEpOHE+HbEMw=="
		},
		"prop-types": {
			"version": "15.6.2",
			"resolved": "https://registry.npmjs.org/prop-types/-/prop-types-15.6.2.tgz",
			"integrity": "sha512-3pboPvLiWD7dkI3qf3KbUe6hKFKa52w+AE0VCqECtf+QHAKgOL37tTaNCnuX1nAAQ4ZhyP+kYVKf8rLmJ/feDQ==",
			"requires": {
				"loose-envify": "1.4.0",
				"object-assign": "4.1.1"
			}
		},
		"pseudomap": {
			"version": "1.0.2",
			"resolved": "https://registry.npmjs.org/pseudomap/-/pseudomap-1.0.2.tgz",
			"integrity": "sha1-8FKijacOYYkX7wqKw0wa5aaChrM="
		},
		"raf": {
			"version": "3.4.1",
			"resolved": "https://registry.npmjs.org/raf/-/raf-3.4.1.tgz",
			"integrity": "sha512-Sq4CW4QhwOHE8ucn6J34MqtZCeWFP2aQSmrlroYgqAV1PjStIhJXxYuTgUIfkEk7zTLjmIjLmU5q+fbD1NnOJA==",
			"requires": {
				"performance-now": "2.1.0"
			}
		},
		"react-autosuggest": {
			"version": "9.4.2",
			"resolved": "https://registry.npmjs.org/react-autosuggest/-/react-autosuggest-9.4.2.tgz",
			"integrity": "sha512-GkLFnr+79DtDFMNxbjKzTKEwOfItw2mKiCNTD3bE+gZSPf5Y+i+W+8KySmBnDWFPF5cuJeuBhQBgcSdbp45nAg==",
			"requires": {
				"prop-types": "15.6.2",
				"react-autowhatever": "10.2.0",
				"shallow-equal": "1.0.0"
			}
		},
		"react-autowhatever": {
			"version": "10.2.0",
			"resolved": "https://registry.npmjs.org/react-autowhatever/-/react-autowhatever-10.2.0.tgz",
			"integrity": "sha512-dqHH4uqiJldPMbL8hl/i2HV4E8FMTDEdVlOIbRqYnJi0kTpWseF9fJslk/KS9pGDnm80JkYzVI+nzFjnOG/u+g==",
			"requires": {
				"prop-types": "15.6.2",
				"react-themeable": "1.1.0",
				"section-iterator": "2.0.0"
			}
		},
		"react-custom-scrollbars": {
			"version": "4.2.1",
			"resolved": "https://registry.npmjs.org/react-custom-scrollbars/-/react-custom-scrollbars-4.2.1.tgz",
			"integrity": "sha1-gw/ZUCkn6X6KeMIIaBOJmyqLZts=",
			"requires": {
				"dom-css": "2.1.0",
				"prop-types": "15.6.2",
				"raf": "3.4.1"
			}
		},
		"react-themeable": {
			"version": "1.1.0",
			"resolved": "https://registry.npmjs.org/react-themeable/-/react-themeable-1.1.0.tgz",
			"integrity": "sha1-fURm3ZsrX6dQWHJ4JenxUro3mg4=",
			"requires": {
				"object-assign": "3.0.0"
			},
			"dependencies": {
				"object-assign": {
					"version": "3.0.0",
					"resolved": "https://registry.npmjs.org/object-assign/-/object-assign-3.0.0.tgz",
					"integrity": "sha1-m+3VygiXlJvKR+f/QIBi1Un1h/I="
				}
			}
		},
		"react-transition-group": {
			"version": "1.2.1",
			"resolved": "https://registry.npmjs.org/react-transition-group/-/react-transition-group-1.2.1.tgz",
			"integrity": "sha512-CWaL3laCmgAFdxdKbhhps+c0HRGF4c+hdM4H23+FI1QBNUyx/AMeIJGWorehPNSaKnQNOAxL7PQmqMu78CDj3Q==",
			"requires": {
				"chain-function": "1.0.1",
				"dom-helpers": "3.4.0",
				"loose-envify": "1.4.0",
				"prop-types": "15.6.2",
				"warning": "3.0.0"
			}
		},
		"readable-stream": {
			"version": "2.3.6",
			"resolved": "http://registry.npmjs.org/readable-stream/-/readable-stream-2.3.6.tgz",
			"integrity": "sha512-tQtKA9WIAhBF3+VLAseyMqZeBjW0AHJoxOtYqSUZNJxauErmLbVm2FW1y+J/YA9dUrAC39ITejlZWhVIwawkKw==",
			"requires": {
				"core-util-is": "1.0.2",
				"inherits": "2.0.3",
				"isarray": "1.0.0",
				"process-nextick-args": "2.0.0",
				"safe-buffer": "5.1.2",
				"string_decoder": "1.1.1",
				"util-deprecate": "1.0.2"
			}
		},
		"regenerator-runtime": {
			"version": "0.12.1",
			"resolved": "https://registry.npmjs.org/regenerator-runtime/-/regenerator-runtime-0.12.1.tgz",
			"integrity": "sha512-odxIc1/vDlo4iZcfXqRYFj0vpXFNoGdKMAUieAlFYO6m/nl5e9KR/beGf41z4a1FI+aQgtjhuaSlDxQ0hmkrHg=="
		},
		"require-context": {
			"version": "1.1.0",
			"resolved": "https://registry.npmjs.org/require-context/-/require-context-1.1.0.tgz",
			"integrity": "sha512-nfYSy3Q9W3W1fCo0nief19bDq216IGY9+wOUsmCWAJ5jssyak0r110rvqIj4KJYoUYDxLDaeA66ONOYy4PJEUw==",
			"dev": true,
			"requires": {
				"node-dir": "0.1.17"
			}
		},
		"require-directory": {
			"version": "2.1.1",
			"resolved": "https://registry.npmjs.org/require-directory/-/require-directory-2.1.1.tgz",
			"integrity": "sha1-jGStX9MNqxyXbiNE/+f3kqam30I="
		},
		"require-main-filename": {
			"version": "1.0.1",
			"resolved": "https://registry.npmjs.org/require-main-filename/-/require-main-filename-1.0.1.tgz",
			"integrity": "sha1-l/cXtp1IeE9fUmpsWqj/3aBVpNE="
		},
		"safe-buffer": {
			"version": "5.1.2",
			"resolved": "https://registry.npmjs.org/safe-buffer/-/safe-buffer-5.1.2.tgz",
			"integrity": "sha512-Gd2UZBJDkXlY7GbJxfsE8/nvKkUEU1G38c1siN6QP6a9PT9MmHB8GnpscSmMJSoF8LOIrt8ud/wPtojys4G6+g=="
		},
		"section-iterator": {
			"version": "2.0.0",
			"resolved": "https://registry.npmjs.org/section-iterator/-/section-iterator-2.0.0.tgz",
			"integrity": "sha1-v0RNev7rlK1Dw5rS+yYVFifMuio="
		},
		"set-blocking": {
			"version": "2.0.0",
			"resolved": "https://registry.npmjs.org/set-blocking/-/set-blocking-2.0.0.tgz",
			"integrity": "sha1-BF+XgtARrppoA93TgrJDkrPYkPc="
		},
		"shallow-equal": {
			"version": "1.0.0",
			"resolved": "https://registry.npmjs.org/shallow-equal/-/shallow-equal-1.0.0.tgz",
			"integrity": "sha1-UI0YOLPeWQq4dXsBGyXkMJAJRfc="
		},
		"shebang-command": {
			"version": "1.2.0",
			"resolved": "https://registry.npmjs.org/shebang-command/-/shebang-command-1.2.0.tgz",
			"integrity": "sha1-RKrGW2lbAzmJaMOfNj/uXer98eo=",
			"requires": {
				"shebang-regex": "1.0.0"
			}
		},
		"shebang-regex": {
			"version": "1.0.0",
			"resolved": "https://registry.npmjs.org/shebang-regex/-/shebang-regex-1.0.0.tgz",
			"integrity": "sha1-2kL0l0DAtC2yypcoVxyxkMmO/qM="
		},
		"signal-exit": {
			"version": "3.0.2",
			"resolved": "https://registry.npmjs.org/signal-exit/-/signal-exit-3.0.2.tgz",
			"integrity": "sha1-tf3AjxKH6hF4Yo5BXiUTK3NkbG0="
		},
		"simple-swizzle": {
			"version": "0.2.2",
			"resolved": "https://registry.npmjs.org/simple-swizzle/-/simple-swizzle-0.2.2.tgz",
			"integrity": "sha1-pNprY1/8zMoz9w0Xy5JZLeleVXo=",
			"requires": {
				"is-arrayish": "0.3.2"
			}
		},
		"stack-trace": {
			"version": "0.0.10",
			"resolved": "https://registry.npmjs.org/stack-trace/-/stack-trace-0.0.10.tgz",
			"integrity": "sha1-VHxws0fo0ytOEI6hoqFZ5f3eGcA="
		},
		"string-width": {
			"version": "2.1.1",
			"resolved": "https://registry.npmjs.org/string-width/-/string-width-2.1.1.tgz",
			"integrity": "sha512-nOqH59deCq9SRHlxq1Aw85Jnt4w6KvLKqWVik6oA9ZklXLNIOlqg4F2yrT1MVaTjAqvVwdfeZ7w7aCvJD7ugkw==",
			"requires": {
				"is-fullwidth-code-point": "2.0.0",
				"strip-ansi": "4.0.0"
			}
		},
		"string_decoder": {
			"version": "1.1.1",
			"resolved": "https://registry.npmjs.org/string_decoder/-/string_decoder-1.1.1.tgz",
			"integrity": "sha512-n/ShnvDi6FHbbVfviro+WojiFzv+s8MPMHBczVePfUpDJLwoLT0ht1l4YwBCbi8pJAveEEdnkHyPyTP/mzRfwg==",
			"requires": {
				"safe-buffer": "5.1.2"
			}
		},
		"strip-ansi": {
			"version": "4.0.0",
			"resolved": "https://registry.npmjs.org/strip-ansi/-/strip-ansi-4.0.0.tgz",
			"integrity": "sha1-qEeQIusaw2iocTibY1JixQXuNo8=",
			"requires": {
				"ansi-regex": "3.0.0"
			}
		},
		"strip-eof": {
			"version": "1.0.0",
			"resolved": "http://registry.npmjs.org/strip-eof/-/strip-eof-1.0.0.tgz",
			"integrity": "sha1-u0P/VZim6wXYm1n80SnJgzE2Br8="
		},
		"text-hex": {
			"version": "1.0.0",
			"resolved": "https://registry.npmjs.org/text-hex/-/text-hex-1.0.0.tgz",
			"integrity": "sha512-uuVGNWzgJ4yhRaNSiubPY7OjISw4sw4E5Uv0wbjp+OzcbmVU/rsT8ujgcXJhn9ypzsgr5vlzpPqP+MBBKcGvbg=="
		},
		"through2": {
			"version": "2.0.5",
			"resolved": "https://registry.npmjs.org/through2/-/through2-2.0.5.tgz",
			"integrity": "sha512-/mrRod8xqpA+IHSLyGCQ2s8SPHiCDEeQJSep1jqLYeEUClOFG2Qsh+4FU6G9VeqpZnGW/Su8LQGc4YKni5rYSQ==",
			"requires": {
				"readable-stream": "2.3.6",
				"xtend": "4.0.1"
			}
		},
		"to-camel-case": {
			"version": "1.0.0",
			"resolved": "https://registry.npmjs.org/to-camel-case/-/to-camel-case-1.0.0.tgz",
			"integrity": "sha1-GlYFSy+daWKYzmamCJcyK29CPkY=",
			"requires": {
				"to-space-case": "1.0.0"
			}
		},
		"to-no-case": {
			"version": "1.0.2",
			"resolved": "https://registry.npmjs.org/to-no-case/-/to-no-case-1.0.2.tgz",
			"integrity": "sha1-xyKQcWTvaxeBMsjmmTAhLRtKoWo="
		},
		"to-space-case": {
			"version": "1.0.0",
			"resolved": "https://registry.npmjs.org/to-space-case/-/to-space-case-1.0.0.tgz",
			"integrity": "sha1-sFLar7Gysp3HcM6gFj5ewOvJ/Bc=",
			"requires": {
				"to-no-case": "1.0.2"
			}
		},
		"triple-beam": {
			"version": "1.3.0",
			"resolved": "https://registry.npmjs.org/triple-beam/-/triple-beam-1.3.0.tgz",
			"integrity": "sha512-XrHUvV5HpdLmIj4uVMxHggLbFSZYIn7HEWsqePZcI50pco+MPqJ50wMGY794X7AOOhxOBAjbkqfAbEe/QMp2Lw=="
		},
		"util-deprecate": {
			"version": "1.0.2",
			"resolved": "https://registry.npmjs.org/util-deprecate/-/util-deprecate-1.0.2.tgz",
			"integrity": "sha1-RQ1Nyfpw3nMnYvvS1KKJgUGaDM8="
		},
		"uuid": {
			"version": "3.3.2",
			"resolved": "https://registry.npmjs.org/uuid/-/uuid-3.3.2.tgz",
			"integrity": "sha512-yXJmeNaw3DnnKAOKJE51sL/ZaYfWJRl1pK9dr19YFCu0ObS231AB1/LbqTKRAQ5kw8A90rA6fr4riOUpTZvQZA=="
		},
		"vscode-uri": {
			"version": "1.0.6",
			"resolved": "https://registry.npmjs.org/vscode-uri/-/vscode-uri-1.0.6.tgz",
			"integrity": "sha512-sLI2L0uGov3wKVb9EB+vIQBl9tVP90nqRvxSoJ35vI3NjxE8jfsE5DSOhWgSunHSZmKS4OCi2jrtfxK7uyp2ww==",
			"dev": true
		},
		"warning": {
			"version": "3.0.0",
			"resolved": "https://registry.npmjs.org/warning/-/warning-3.0.0.tgz",
			"integrity": "sha1-MuU3fLVy3kqwR1O9+IIcAe1gW3w=",
			"requires": {
				"loose-envify": "1.4.0"
			}
		},
		"which": {
			"version": "1.3.1",
			"resolved": "https://registry.npmjs.org/which/-/which-1.3.1.tgz",
			"integrity": "sha512-HxJdYWq1MTIQbJ3nw0cqssHoTNU267KlrDuGZ1WYlxDStUtKUhOaJmh112/TZmHxxUfuJqPXSOm7tDyas0OSIQ==",
			"requires": {
				"isexe": "2.0.0"
			}
		},
		"which-module": {
			"version": "2.0.0",
			"resolved": "https://registry.npmjs.org/which-module/-/which-module-2.0.0.tgz",
			"integrity": "sha1-2e8H3Od7mQK4o6j6SzHD4/fm6Ho="
		},
		"winston": {
			"version": "3.1.0",
			"resolved": "https://registry.npmjs.org/winston/-/winston-3.1.0.tgz",
			"integrity": "sha512-FsQfEE+8YIEeuZEYhHDk5cILo1HOcWkGwvoidLrDgPog0r4bser1lEIOco2dN9zpDJ1M88hfDgZvxe5z4xNcwg==",
			"requires": {
				"async": "2.6.1",
				"diagnostics": "1.1.1",
				"is-stream": "1.1.0",
				"logform": "1.10.0",
				"one-time": "0.0.4",
				"readable-stream": "2.3.6",
				"stack-trace": "0.0.10",
				"triple-beam": "1.3.0",
				"winston-transport": "4.2.0"
			}
		},
		"winston-transport": {
			"version": "4.2.0",
			"resolved": "https://registry.npmjs.org/winston-transport/-/winston-transport-4.2.0.tgz",
			"integrity": "sha512-0R1bvFqxSlK/ZKTH86nymOuKv/cT1PQBMuDdA7k7f0S9fM44dNH6bXnuxwXPrN8lefJgtZq08BKdyZ0DZIy/rg==",
			"requires": {
				"readable-stream": "2.3.6",
				"triple-beam": "1.3.0"
			}
		},
		"wrap-ansi": {
			"version": "2.1.0",
			"resolved": "http://registry.npmjs.org/wrap-ansi/-/wrap-ansi-2.1.0.tgz",
			"integrity": "sha1-2Pw9KE3QV5T+hJc8rs3Rz4JP3YU=",
			"requires": {
				"string-width": "1.0.2",
				"strip-ansi": "3.0.1"
			},
			"dependencies": {
				"ansi-regex": {
					"version": "2.1.1",
					"resolved": "https://registry.npmjs.org/ansi-regex/-/ansi-regex-2.1.1.tgz",
					"integrity": "sha1-w7M6te42DYbg5ijwRorn7yfWVN8="
				},
				"is-fullwidth-code-point": {
					"version": "1.0.0",
					"resolved": "https://registry.npmjs.org/is-fullwidth-code-point/-/is-fullwidth-code-point-1.0.0.tgz",
					"integrity": "sha1-754xOG8DGn8NZDr4L95QxFfvAMs=",
					"requires": {
						"number-is-nan": "1.0.1"
					}
				},
				"string-width": {
					"version": "1.0.2",
					"resolved": "https://registry.npmjs.org/string-width/-/string-width-1.0.2.tgz",
					"integrity": "sha1-EYvfW4zcUaKn5w0hHgfisLmxB9M=",
					"requires": {
						"code-point-at": "1.1.0",
						"is-fullwidth-code-point": "1.0.0",
						"strip-ansi": "3.0.1"
					}
				},
				"strip-ansi": {
					"version": "3.0.1",
					"resolved": "http://registry.npmjs.org/strip-ansi/-/strip-ansi-3.0.1.tgz",
					"integrity": "sha1-ajhfuIU9lS1f8F0Oiq+UJ43GPc8=",
					"requires": {
						"ansi-regex": "2.1.1"
					}
				}
			}
		},
		"wrappy": {
			"version": "1.0.2",
			"resolved": "https://registry.npmjs.org/wrappy/-/wrappy-1.0.2.tgz",
			"integrity": "sha1-tSQ9jz7BqjXxNkYFvA0QNuMKtp8="
		},
		"xtend": {
			"version": "4.0.1",
			"resolved": "https://registry.npmjs.org/xtend/-/xtend-4.0.1.tgz",
			"integrity": "sha1-pcbVMr5lbiPbgg77lDofBJmNY68="
		},
		"y18n": {
			"version": "3.2.1",
			"resolved": "https://registry.npmjs.org/y18n/-/y18n-3.2.1.tgz",
			"integrity": "sha1-bRX7qITAhnnA136I53WegR4H+kE="
		},
		"yallist": {
			"version": "2.1.2",
			"resolved": "https://registry.npmjs.org/yallist/-/yallist-2.1.2.tgz",
			"integrity": "sha1-HBH5IY8HYImkfdUS+TxmmaaoHVI="
		},
		"yargs-parser": {
			"version": "9.0.2",
			"resolved": "https://registry.npmjs.org/yargs-parser/-/yargs-parser-9.0.2.tgz",
			"integrity": "sha1-nM9qQ0YP5O1Aqbto9I1DuKaMwHc=",
			"requires": {
				"camelcase": "4.1.0"
			}
		}
	}
}
