{
	"name": "@ballerina/theme",
	"version": "2.0.0-Preview5",
	"lockfileVersion": 1,
	"requires": true,
	"dependencies": {
		"exec-sh": {
			"version": "0.2.2",
			"resolved": "https://registry.npmjs.org/exec-sh/-/exec-sh-0.2.2.tgz",
			"integrity": "sha512-FIUCJz1RbuS0FKTdaAafAByGS0CPvU3R0MeHxgtl+djzCc//F8HakL8GzmVNZanasTbTAY/3DRFA0KpVqj/eAw==",
			"dev": true,
			"requires": {
				"merge": "1.2.1"
			}
		},
		"merge": {
			"version": "1.2.1",
			"resolved": "https://registry.npmjs.org/merge/-/merge-1.2.1.tgz",
			"integrity": "sha512-VjFo4P5Whtj4vsLzsYBu5ayHhoHJ0UqNm7ibvShmbmoz7tGi0vXaoJbGdB+GmDMLUdg8DpQXEIeVDAe8MaABvQ==",
			"dev": true
		},
		"minimist": {
			"version": "1.2.0",
			"resolved": "https://registry.npmjs.org/minimist/-/minimist-1.2.0.tgz",
			"integrity": "sha1-o1AIsg9BOD7sH7kU9M1d95omQoQ=",
			"dev": true
		},
		"watch": {
			"version": "1.0.2",
			"resolved": "https://registry.npmjs.org/watch/-/watch-1.0.2.tgz",
			"integrity": "sha1-NApxe952Vyb6CqB9ch4BR6VR3ww=",
			"dev": true,
			"requires": {
				"exec-sh": "0.2.2",
				"minimist": "1.2.0"
			}
		}
	}
}
